{
  "name": "hyperlocal-service-marketplace",
  "lockfileVersion": 3,
  "requires": true,
  "packages": {
    "": {
      "dependencies": {
        "pincode-validator": "^2.0.0"
      }
    },
    "node_modules/pincode-validator": {
      "version": "2.0.0",
      "resolved": "https://registry.npmjs.org/pincode-validator/-/pincode-validator-2.0.0.tgz",
      "integrity": "sha512-9tLcifeknV766G9ngBQG/8+FVbPJiJW4P83Z8/9GSPT2DGaFeL+zDjVNbSrtM8ba88TPrrNO8TWHyiELEONDmw==",
      "license": "MIT"
    }
  }
}
